// !$*UTF8*$!
{
	archiveVersion = 1;
	classes = {
	};
	objectVersion = 46;
	objects = {

/* Begin PBXBuildFile section */
		E8F41001192EB007005DB1D9 /* Foundation.framework in Frameworks */ = {isa = PBXBuildFile; fileRef = E8F41000192EB007005DB1D9 /* Foundation.framework */; };
		E8F41003192EB007005DB1D9 /* CoreGraphics.framework in Frameworks */ = {isa = PBXBuildFile; fileRef = E8F41002192EB007005DB1D9 /* CoreGraphics.framework */; };
		E8F41005192EB007005DB1D9 /* UIKit.framework in Frameworks */ = {isa = PBXBuildFile; fileRef = E8F41004192EB007005DB1D9 /* UIKit.framework */; };
		E8F4100B192EB007005DB1D9 /* InfoPlist.strings in Resources */ = {isa = PBXBuildFile; fileRef = E8F41009192EB007005DB1D9 /* InfoPlist.strings */; };
		E8F4100D192EB007005DB1D9 /* main.m in Sources */ = {isa = PBXBuildFile; fileRef = E8F4100C192EB007005DB1D9 /* main.m */; };
		E8F41011192EB007005DB1D9 /* AppDelegate.m in Sources */ = {isa = PBXBuildFile; fileRef = E8F41010192EB007005DB1D9 /* AppDelegate.m */; };
		E8F41013192EB007005DB1D9 /* Images.xcassets in Resources */ = {isa = PBXBuildFile; fileRef = E8F41012192EB007005DB1D9 /* Images.xcassets */; };
		E8F4101A192EB007005DB1D9 /* XCTest.framework in Frameworks */ = {isa = PBXBuildFile; fileRef = E8F41019192EB007005DB1D9 /* XCTest.framework */; };
		E8F4101B192EB007005DB1D9 /* Foundation.framework in Frameworks */ = {isa = PBXBuildFile; fileRef = E8F41000192EB007005DB1D9 /* Foundation.framework */; };
		E8F4101C192EB007005DB1D9 /* UIKit.framework in Frameworks */ = {isa = PBXBuildFile; fileRef = E8F41004192EB007005DB1D9 /* UIKit.framework */; };
		E8F41024192EB008005DB1D9 /* InfoPlist.strings in Resources */ = {isa = PBXBuildFile; fileRef = E8F41022192EB008005DB1D9 /* InfoPlist.strings */; };
		E8F41026192EB008005DB1D9 /* testTests.m in Sources */ = {isa = PBXBuildFile; fileRef = E8F41025192EB008005DB1D9 /* testTests.m */; };
/* End PBXBuildFile section */

/* Begin PBXContainerItemProxy section */
		E8F4101D192EB007005DB1D9 /* PBXContainerItemProxy */ = {
			isa = PBXContainerItemProxy;
			containerPortal = E8F40FF5192EB007005DB1D9 /* Project object */;
			proxyType = 1;
			remoteGlobalIDString = E8F40FFC192EB007005DB1D9;
			remoteInfo = test;
		};
/* End PBXContainerItemProxy section */

/* Begin PBXFileReference section */
		E8F40FFD192EB007005DB1D9 /* test.app */ = {isa = PBXFileReference; explicitFileType = wrapper.application; includeInIndex = 0; path = test.app; sourceTree = BUILT_PRODUCTS_DIR; };
		E8F41000192EB007005DB1D9 /* Foundation.framework */ = {isa = PBXFileReference; lastKnownFileType = wrapper.framework; name = Foundation.framework; path = System/Library/Frameworks/Foundation.framework; sourceTree = SDKROOT; };
		E8F41002192EB007005DB1D9 /* CoreGraphics.framework */ = {isa = PBXFileReference; lastKnownFileType = wrapper.framework; name = CoreGraphics.framework; path = System/Library/Frameworks/CoreGraphics.framework; sourceTree = SDKROOT; };
		E8F41004192EB007005DB1D9 /* UIKit.framework */ = {isa = PBXFileReference; lastKnownFileType = wrapper.framework; name = UIKit.framework; path = System/Library/Frameworks/UIKit.framework; sourceTree = SDKROOT; };
		E8F41008192EB007005DB1D9 /* test-Info.plist */ = {isa = PBXFileReference; lastKnownFileType = text.plist.xml; path = "test-Info.plist"; sourceTree = "<group>"; };
		E8F4100A192EB007005DB1D9 /* en */ = {isa = PBXFileReference; lastKnownFileType = text.plist.strings; name = en; path = en.lproj/InfoPlist.strings; sourceTree = "<group>"; };
		E8F4100C192EB007005DB1D9 /* main.m */ = {isa = PBXFileReference; lastKnownFileType = sourcecode.c.objc; path = main.m; sourceTree = "<group>"; };
		E8F4100E192EB007005DB1D9 /* test-Prefix.pch */ = {isa = PBXFileReference; lastKnownFileType = sourcecode.c.h; path = "test-Prefix.pch"; sourceTree = "<group>"; };
		E8F4100F192EB007005DB1D9 /* AppDelegate.h */ = {isa = PBXFileReference; lastKnownFileType = sourcecode.c.h; path = AppDelegate.h; sourceTree = "<group>"; };
		E8F41010192EB007005DB1D9 /* AppDelegate.m */ = {isa = PBXFileReference; lastKnownFileType = sourcecode.c.objc; path = AppDelegate.m; sourceTree = "<group>"; };
		E8F41012192EB007005DB1D9 /* Images.xcassets */ = {isa = PBXFileReference; lastKnownFileType = folder.assetcatalog; path = Images.xcassets; sourceTree = "<group>"; };
		E8F41018192EB007005DB1D9 /* testTests.xctest */ = {isa = PBXFileReference; explicitFileType = wrapper.cfbundle; includeInIndex = 0; path = testTests.xctest; sourceTree = BUILT_PRODUCTS_DIR; };
		E8F41019192EB007005DB1D9 /* XCTest.framework */ = {isa = PBXFileReference; lastKnownFileType = wrapper.framework; name = XCTest.framework; path = Library/Frameworks/XCTest.framework; sourceTree = DEVELOPER_DIR; };
		E8F41021192EB008005DB1D9 /* testTests-Info.plist */ = {isa = PBXFileReference; lastKnownFileType = text.plist.xml; path = "testTests-Info.plist"; sourceTree = "<group>"; };
		E8F41023192EB008005DB1D9 /* en */ = {isa = PBXFileReference; lastKnownFileType = text.plist.strings; name = en; path = en.lproj/InfoPlist.strings; sourceTree = "<group>"; };
		E8F41025192EB008005DB1D9 /* testTests.m */ = {isa = PBXFileReference; lastKnownFileType = sourcecode.c.objc; path = testTests.m; sourceTree = "<group>"; };
/* End PBXFileReference section */

/* Begin PBXFrameworksBuildPhase section */
		E8F40FFA192EB007005DB1D9 /* Frameworks */ = {
			isa = PBXFrameworksBuildPhase;
			buildActionMask = 2147483647;
			files = (
				E8F41003192EB007005DB1D9 /* CoreGraphics.framework in Frameworks */,
				E8F41005192EB007005DB1D9 /* UIKit.framework in Frameworks */,
				E8F41001192EB007005DB1D9 /* Foundation.framework in Frameworks */,
			);
			runOnlyForDeploymentPostprocessing = 0;
		};
		E8F41015192EB007005DB1D9 /* Frameworks */ = {
			isa = PBXFrameworksBuildPhase;
			buildActionMask = 2147483647;
			files = (
				E8F4101A192EB007005DB1D9 /* XCTest.framework in Frameworks */,
				E8F4101C192EB007005DB1D9 /* UIKit.framework in Frameworks */,
				E8F4101B192EB007005DB1D9 /* Foundation.framework in Frameworks */,
			);
			runOnlyForDeploymentPostprocessing = 0;
		};
/* End PBXFrameworksBuildPhase section */

/* Begin PBXGroup section */
		E8F40FF4192EB007005DB1D9 = {
			isa = PBXGroup;
			children = (
				E8F41006192EB007005DB1D9 /* test */,
				E8F4101F192EB007005DB1D9 /* testTests */,
				E8F40FFF192EB007005DB1D9 /* Frameworks */,
				E8F40FFE192EB007005DB1D9 /* Products */,
			);
			sourceTree = "<group>";
		};
		E8F40FFE192EB007005DB1D9 /* Products */ = {
			isa = PBXGroup;
			children = (
				E8F40FFD192EB007005DB1D9 /* test.app */,
				E8F41018192EB007005DB1D9 /* testTests.xctest */,
			);
			name = Products;
			sourceTree = "<group>";
		};
		E8F40FFF192EB007005DB1D9 /* Frameworks */ = {
			isa = PBXGroup;
			children = (
				E8F41000192EB007005DB1D9 /* Foundation.framework */,
				E8F41002192EB007005DB1D9 /* CoreGraphics.framework */,
				E8F41004192EB007005DB1D9 /* UIKit.framework */,
				E8F41019192EB007005DB1D9 /* XCTest.framework */,
			);
			name = Frameworks;
			sourceTree = "<group>";
		};
		E8F41006192EB007005DB1D9 /* test */ = {
			isa = PBXGroup;
			children = (
				E8F4100F192EB007005DB1D9 /* AppDelegate.h */,
				E8F41010192EB007005DB1D9 /* AppDelegate.m */,
				E8F41012192EB007005DB1D9 /* Images.xcassets */,
				E8F41007192EB007005DB1D9 /* Supporting Files */,
			);
			path = test;
			sourceTree = "<group>";
		};
		E8F41007192EB007005DB1D9 /* Supporting Files */ = {
			isa = PBXGroup;
			children = (
				E8F41008192EB007005DB1D9 /* test-Info.plist */,
				E8F41009192EB007005DB1D9 /* InfoPlist.strings */,
				E8F4100C192EB007005DB1D9 /* main.m */,
				E8F4100E192EB007005DB1D9 /* test-Prefix.pch */,
			);
			name = "Supporting Files";
			sourceTree = "<group>";
		};
		E8F4101F192EB007005DB1D9 /* testTests */ = {
			isa = PBXGroup;
			children = (
				E8F41025192EB008005DB1D9 /* testTests.m */,
				E8F41020192EB008005DB1D9 /* Supporting Files */,
			);
			path = testTests;
			sourceTree = "<group>";
		};
		E8F41020192EB008005DB1D9 /* Supporting Files */ = {
			isa = PBXGroup;
			children = (
				E8F41021192EB008005DB1D9 /* testTests-Info.plist */,
				E8F41022192EB008005DB1D9 /* InfoPlist.strings */,
			);
			name = "Supporting Files";
			sourceTree = "<group>";
		};
/* End PBXGroup section */

/* Begin PBXNativeTarget section */
		E8F40FFC192EB007005DB1D9 /* test */ = {
			isa = PBXNativeTarget;
			buildConfigurationList = E8F41029192EB008005DB1D9 /* Build configuration list for PBXNativeTarget "test" */;
			buildPhases = (
				E8F40FF9192EB007005DB1D9 /* Sources */,
				E8F40FFA192EB007005DB1D9 /* Frameworks */,
				E8F40FFB192EB007005DB1D9 /* Resources */,
			);
			buildRules = (
			);
			dependencies = (
			);
			name = test;
			productName = test;
			productReference = E8F40FFD192EB007005DB1D9 /* test.app */;
			productType = "com.apple.product-type.application";
		};
		E8F41017192EB007005DB1D9 /* testTests */ = {
			isa = PBXNativeTarget;
			buildConfigurationList = E8F4102C192EB008005DB1D9 /* Build configuration list for PBXNativeTarget "testTests" */;
			buildPhases = (
				E8F41014192EB007005DB1D9 /* Sources */,
				E8F41015192EB007005DB1D9 /* Frameworks */,
				E8F41016192EB007005DB1D9 /* Resources */,
			);
			buildRules = (
			);
			dependencies = (
				E8F4101E192EB007005DB1D9 /* PBXTargetDependency */,
			);
			name = testTests;
			productName = testTests;
			productReference = E8F41018192EB007005DB1D9 /* testTests.xctest */;
			productType = "com.apple.product-type.bundle.unit-test";
		};
/* End PBXNativeTarget section */

/* Begin PBXProject section */
		E8F40FF5192EB007005DB1D9 /* Project object */ = {
			isa = PBXProject;
			attributes = {
				LastUpgradeCheck = 0510;
				ORGANIZATIONNAME = "___FULLUSERNAME___";
				TargetAttributes = {
					E8F41017192EB007005DB1D9 = {
						TestTargetID = E8F40FFC192EB007005DB1D9;
					};
				};
			};
			buildConfigurationList = E8F40FF8192EB007005DB1D9 /* Build configuration list for PBXProject "test" */;
			compatibilityVersion = "Xcode 3.2";
			developmentRegion = English;
			hasScannedForEncodings = 0;
			knownRegions = (
				en,
			);
			mainGroup = E8F40FF4192EB007005DB1D9;
			productRefGroup = E8F40FFE192EB007005DB1D9 /* Products */;
			projectDirPath = "";
			projectRoot = "";
			targets = (
				E8F40FFC192EB007005DB1D9 /* test */,
				E8F41017192EB007005DB1D9 /* testTests */,
			);
		};
/* End PBXProject section */

/* Begin PBXResourcesBuildPhase section */
		E8F40FFB192EB007005DB1D9 /* Resources */ = {
			isa = PBXResourcesBuildPhase;
			buildActionMask = 2147483647;
			files = (
				E8F4100B192EB007005DB1D9 /* InfoPlist.strings in Resources */,
				E8F41013192EB007005DB1D9 /* Images.xcassets in Resources */,
			);
			runOnlyForDeploymentPostprocessing = 0;
		};
		E8F41016192EB007005DB1D9 /* Resources */ = {
			isa = PBXResourcesBuildPhase;
			buildActionMask = 2147483647;
			files = (
				E8F41024192EB008005DB1D9 /* InfoPlist.strings in Resources */,
			);
			runOnlyForDeploymentPostprocessing = 0;
		};
/* End PBXResourcesBuildPhase section */

/* Begin PBXSourcesBuildPhase section */
		E8F40FF9192EB007005DB1D9 /* Sources */ = {
			isa = PBXSourcesBuildPhase;
			buildActionMask = 2147483647;
			files = (
				E8F41011192EB007005DB1D9 /* AppDelegate.m in Sources */,
				E8F4100D192EB007005DB1D9 /* main.m in Sources */,
			);
			runOnlyForDeploymentPostprocessing = 0;
		};
		E8F41014192EB007005DB1D9 /* Sources */ = {
			isa = PBXSourcesBuildPhase;
			buildActionMask = 2147483647;
			files = (
				E8F41026192EB008005DB1D9 /* testTests.m in Sources */,
			);
			runOnlyForDeploymentPostprocessing = 0;
		};
/* End PBXSourcesBuildPhase section */

/* Begin PBXTargetDependency section */
		E8F4101E192EB007005DB1D9 /* PBXTargetDependency */ = {
			isa = PBXTargetDependency;
			target = E8F40FFC192EB007005DB1D9 /* test */;
			targetProxy = E8F4101D192EB007005DB1D9 /* PBXContainerItemProxy */;
		};
/* End PBXTargetDependency section */

/* Begin PBXVariantGroup section */
		E8F41009192EB007005DB1D9 /* InfoPlist.strings */ = {
			isa = PBXVariantGroup;
			children = (
				E8F4100A192EB007005DB1D9 /* en */,
			);
			name = InfoPlist.strings;
			sourceTree = "<group>";
		};
		E8F41022192EB008005DB1D9 /* InfoPlist.strings */ = {
			isa = PBXVariantGroup;
			children = (
				E8F41023192EB008005DB1D9 /* en */,
			);
			name = InfoPlist.strings;
			sourceTree = "<group>";
		};
/* End PBXVariantGroup section */

/* Begin XCBuildConfiguration section */
		E8F41027192EB008005DB1D9 /* Debug */ = {
			isa = XCBuildConfiguration;
			buildSettings = {
				ALWAYS_SEARCH_USER_PATHS = NO;
				CLANG_CXX_LANGUAGE_STANDARD = "gnu++0x";
				CLANG_CXX_LIBRARY = "libc++";
				CLANG_ENABLE_MODULES = YES;
				CLANG_ENABLE_OBJC_ARC = YES;
				CLANG_WARN_BOOL_CONVERSION = YES;
				CLANG_WARN_CONSTANT_CONVERSION = YES;
				CLANG_WARN_DIRECT_OBJC_ISA_USAGE = YES_ERROR;
				CLANG_WARN_EMPTY_BODY = YES;
				CLANG_WARN_ENUM_CONVERSION = YES;
				CLANG_WARN_INT_CONVERSION = YES;
				CLANG_WARN_OBJC_ROOT_CLASS = YES_ERROR;
				CLANG_WARN__DUPLICATE_METHOD_MATCH = YES;
				"CODE_SIGN_IDENTITY[sdk=iphoneos*]" = "iPhone Developer";
				COPY_PHASE_STRIP = NO;
				GCC_C_LANGUAGE_STANDARD = gnu99;
				GCC_DYNAMIC_NO_PIC = NO;
				GCC_OPTIMIZATION_LEVEL = 0;
				GCC_PREPROCESSOR_DEFINITIONS = (
					"DEBUG=1",
					"$(inherited)",
				);
				GCC_SYMBOLS_PRIVATE_EXTERN = NO;
				GCC_WARN_64_TO_32_BIT_CONVERSION = YES;
				GCC_WARN_ABOUT_RETURN_TYPE = YES_ERROR;
				GCC_WARN_UNDECLARED_SELECTOR = YES;
				GCC_WARN_UNINITIALIZED_AUTOS = YES_AGGRESSIVE;
				GCC_WARN_UNUSED_FUNCTION = YES;
				GCC_WARN_UNUSED_VARIABLE = YES;
				IPHONEOS_DEPLOYMENT_TARGET = 7.1;
				ONLY_ACTIVE_ARCH = YES;
				SDKROOT = iphoneos;
				TARGETED_DEVICE_FAMILY = "1,2";
			};
			name = Debug;
		};
		E8F41028192EB008005DB1D9 /* Release */ = {
			isa = XCBuildConfiguration;
			buildSettings = {
				ALWAYS_SEARCH_USER_PATHS = NO;
				CLANG_CXX_LANGUAGE_STANDARD = "gnu++0x";
				CLANG_CXX_LIBRARY = "libc++";
				CLANG_ENABLE_MODULES = YES;
				CLANG_ENABLE_OBJC_ARC = YES;
				CLANG_WARN_BOOL_CONVERSION = YES;
				CLANG_WARN_CONSTANT_CONVERSION = YES;
				CLANG_WARN_DIRECT_OBJC_ISA_USAGE = YES_ERROR;
				CLANG_WARN_EMPTY_BODY = YES;
				CLANG_WARN_ENUM_CONVERSION = YES;
				CLANG_WARN_INT_CONVERSION = YES;
				CLANG_WARN_OBJC_ROOT_CLASS = YES_ERROR;
				CLANG_WARN__DUPLICATE_METHOD_MATCH = YES;
				"CODE_SIGN_IDENTITY[sdk=iphoneos*]" = "iPhone Developer";
				COPY_PHASE_STRIP = YES;
				ENABLE_NS_ASSERTIONS = NO;
				GCC_C_LANGUAGE_STANDARD = gnu99;
				GCC_WARN_64_TO_32_BIT_CONVERSION = YES;
				GCC_WARN_ABOUT_RETURN_TYPE = YES_ERROR;
				GCC_WARN_UNDECLARED_SELECTOR = YES;
				GCC_WARN_UNINITIALIZED_AUTOS = YES_AGGRESSIVE;
				GCC_WARN_UNUSED_FUNCTION = YES;
				GCC_WARN_UNUSED_VARIABLE = YES;
				IPHONEOS_DEPLOYMENT_TARGET = 7.1;
				SDKROOT = iphoneos;
				TARGETED_DEVICE_FAMILY = "1,2";
				VALIDATE_PRODUCT = YES;
			};
			name = Release;
		};
		E8F4102A192EB008005DB1D9 /* Debug */ = {
			isa = XCBuildConfiguration;
			buildSettings = {
				ASSETCATALOG_COMPILER_APPICON_NAME = AppIcon;
				ASSETCATALOG_COMPILER_LAUNCHIMAGE_NAME = LaunchImage;
				GCC_PRECOMPILE_PREFIX_HEADER = YES;
				GCC_PREFIX_HEADER = "test/test-Prefix.pch";
				INFOPLIST_FILE = "test/test-Info.plist";
				PRODUCT_NAME = "$(TARGET_NAME)";
				WRAPPER_EXTENSION = app;
			};
			name = Debug;
		};
		E8F4102B192EB008005DB1D9 /* Release */ = {
			isa = XCBuildConfiguration;
			buildSettings = {
				ASSETCATALOG_COMPILER_APPICON_NAME = AppIcon;
				ASSETCATALOG_COMPILER_LAUNCHIMAGE_NAME = LaunchImage;
				GCC_PRECOMPILE_PREFIX_HEADER = YES;
				GCC_PREFIX_HEADER = "test/test-Prefix.pch";
				INFOPLIST_FILE = "test/test-Info.plist";
				PRODUCT_NAME = "$(TARGET_NAME)";
				WRAPPER_EXTENSION = app;
			};
			name = Release;
		};
		E8F4102D192EB008005DB1D9 /* Debug */ = {
			isa = XCBuildConfiguration;
			buildSettings = {
				BUNDLE_LOADER = "$(BUILT_PRODUCTS_DIR)/test.app/test";
				FRAMEWORK_SEARCH_PATHS = (
					"$(SDKROOT)/Developer/Library/Frameworks",
					"$(inherited)",
					"$(DEVELOPER_FRAMEWORKS_DIR)",
				);
				GCC_PRECOMPILE_PREFIX_HEADER = YES;
				GCC_PREFIX_HEADER = "test/test-Prefix.pch";
				GCC_PREPROCESSOR_DEFINITIONS = (
					"DEBUG=1",
					"$(inherited)",
				);
				INFOPLIST_FILE = "testTests/testTests-Info.plist";
				PRODUCT_NAME = "$(TARGET_NAME)";
				TEST_HOST = "$(BUNDLE_LOADER)";
				WRAPPER_EXTENSION = xctest;
			};
			name = Debug;
		};
		E8F4102E192EB008005DB1D9 /* Release */ = {
			isa = XCBuildConfiguration;
			buildSettings = {
				BUNDLE_LOADER = "$(BUILT_PRODUCTS_DIR)/test.app/test";
				FRAMEWORK_SEARCH_PATHS = (
					"$(SDKROOT)/Developer/Library/Frameworks",
					"$(inherited)",
					"$(DEVELOPER_FRAMEWORKS_DIR)",
				);
				GCC_PRECOMPILE_PREFIX_HEADER = YES;
				GCC_PREFIX_HEADER = "test/test-Prefix.pch";
				INFOPLIST_FILE = "testTests/testTests-Info.plist";
				PRODUCT_NAME = "$(TARGET_NAME)";
				TEST_HOST = "$(BUNDLE_LOADER)";
				WRAPPER_EXTENSION = xctest;
			};
			name = Release;
		};
/* End XCBuildConfiguration section */

/* Begin XCConfigurationList section */
		E8F40FF8192EB007005DB1D9 /* Build configuration list for PBXProject "test" */ = {
			isa = XCConfigurationList;
			buildConfigurations = (
				E8F41027192EB008005DB1D9 /* Debug */,
				E8F41028192EB008005DB1D9 /* Release */,
			);
			defaultConfigurationIsVisible = 0;
			defaultConfigurationName = Release;
		};
		E8F41029192EB008005DB1D9 /* Build configuration list for PBXNativeTarget "test" */ = {
			isa = XCConfigurationList;
			buildConfigurations = (
				E8F4102A192EB008005DB1D9 /* Debug */,
				E8F4102B192EB008005DB1D9 /* Release */,
			);
			defaultConfigurationIsVisible = 0;
		};
		E8F4102C192EB008005DB1D9 /* Build configuration list for PBXNativeTarget "testTests" */ = {
			isa = XCConfigurationList;
			buildConfigurations = (
				E8F4102D192EB008005DB1D9 /* Debug */,
				E8F4102E192EB008005DB1D9 /* Release */,
			);
			defaultConfigurationIsVisible = 0;
		};
/* End XCConfigurationList section */
	};
	rootObject = E8F40FF5192EB007005DB1D9 /* Project object */;
}
